
Microsoft Visual Studio Solution File, Format Version 12.00
# Visual Studio Version 16
VisualStudioVersion = 16.0.29806.167
MinimumVisualStudioVersion = 10.0.40219.1
Project("{FAE04EC0-301F-11D3-BF4B-00C04F79EFBC}") = "Edvin.Drive", "Edvin.Drive\Edvin.Drive.csproj", "{11A606BD-19C5-4AB6-B71B-2D283795A79E}"
EndProject
Global
	GlobalSection(SolutionConfigurationPlatforms) = preSolution
		Debug|Any CPU = Debug|Any CPU
		Release|Any CPU = Release|Any CPU
	EndGlobalSection
	GlobalSection(ProjectConfigurationPlatforms) = postSolution
		{11A606BD-19C5-4AB6-B71B-2D283795A79E}.Debug|Any CPU.ActiveCfg = Debug|Any CPU
		{11A606BD-19C5-4AB6-B71B-2D283795A79E}.Debug|Any CPU.Build.0 = Debug|Any CPU
		{11A606BD-19C5-4AB6-B71B-2D283795A79E}.Release|Any CPU.ActiveCfg = Release|Any CPU
		{11A606BD-19C5-4AB6-B71B-2D283795A79E}.Release|Any CPU.Build.0 = Release|Any CPU
	EndGlobalSection
	GlobalSection(SolutionProperties) = preSolution
		HideSolutionNode = FALSE
	EndGlobalSection
	GlobalSection(ExtensibilityGlobals) = postSolution
		SolutionGuid = {59AADB72-63B4-418D-B733-9F1F6C14AB7D}
	EndGlobalSection
EndGlobal
